// !$*UTF8*$!
{
	archiveVersion = 1;
	classes = {
	};
	objectVersion = 55;
	objects = {

/* Begin PBXBuildFile section */
		1D546E74288D1DDD00160E82 /* AppDelegate.swift in Sources */ = {isa = PBXBuildFile; fileRef = 1D546E73288D1DDD00160E82 /* AppDelegate.swift */; };
		1D546E76288D1DDD00160E82 /* SceneDelegate.swift in Sources */ = {isa = PBXBuildFile; fileRef = 1D546E75288D1DDD00160E82 /* SceneDelegate.swift */; };
		1D546E78288D1DDD00160E82 /* MainViewController.swift in Sources */ = {isa = PBXBuildFile; fileRef = 1D546E77288D1DDD00160E82 /* MainViewController.swift */; };
		1D546E7D288D1DDF00160E82 /* Assets.xcassets in Resources */ = {isa = PBXBuildFile; fileRef = 1D546E7C288D1DDF00160E82 /* Assets.xcassets */; };
		1D546E80288D1DDF00160E82 /* LaunchScreen.storyboard in Resources */ = {isa = PBXBuildFile; fileRef = 1D546E7E288D1DDF00160E82 /* LaunchScreen.storyboard */; };
		32A2C55B288FDE710000CCB6 /* Constant.swift in Sources */ = {isa = PBXBuildFile; fileRef = 32A2C55A288FDE710000CCB6 /* Constant.swift */; };
		32A2C55F288FDF8E0000CCB6 /* ViewDelegate.swift in Sources */ = {isa = PBXBuildFile; fileRef = 32A2C55E288FDF8E0000CCB6 /* ViewDelegate.swift */; };
		32A2C561288FDFF70000CCB6 /* LabelClass.swift in Sources */ = {isa = PBXBuildFile; fileRef = 32A2C560288FDFF70000CCB6 /* LabelClass.swift */; };
		32A2C563288FDFFE0000CCB6 /* ButtonClass.swift in Sources */ = {isa = PBXBuildFile; fileRef = 32A2C562288FDFFE0000CCB6 /* ButtonClass.swift */; };
		32A2C565288FE0080000CCB6 /* NavBarClass.swift in Sources */ = {isa = PBXBuildFile; fileRef = 32A2C564288FE0080000CCB6 /* NavBarClass.swift */; };
		32A2C567288FE0930000CCB6 /* UIViewController.swift in Sources */ = {isa = PBXBuildFile; fileRef = 32A2C566288FE0930000CCB6 /* UIViewController.swift */; };
		32A2C569288FE0990000CCB6 /* UIColor.swift in Sources */ = {isa = PBXBuildFile; fileRef = 32A2C568288FE0990000CCB6 /* UIColor.swift */; };
		32A2C56B288FE09E0000CCB6 /* UIView.swift in Sources */ = {isa = PBXBuildFile; fileRef = 32A2C56A288FE09E0000CCB6 /* UIView.swift */; };
		32A2C56D288FE0BD0000CCB6 /* CALayer.swift in Sources */ = {isa = PBXBuildFile; fileRef = 32A2C56C288FE0BD0000CCB6 /* CALayer.swift */; };
		32A2C56F288FE0C80000CCB6 /* UIFont.swift in Sources */ = {isa = PBXBuildFile; fileRef = 32A2C56E288FE0C80000CCB6 /* UIFont.swift */; };
		32A2C571288FE15D0000CCB6 /* IndicatorView.swift in Sources */ = {isa = PBXBuildFile; fileRef = 32A2C570288FE15D0000CCB6 /* IndicatorView.swift */; };
		32A2C573288FE16E0000CCB6 /* Device.swift in Sources */ = {isa = PBXBuildFile; fileRef = 32A2C572288FE16E0000CCB6 /* Device.swift */; };
		32A2C575288FE1AA0000CCB6 /* MapDelegate.swift in Sources */ = {isa = PBXBuildFile; fileRef = 32A2C574288FE1AA0000CCB6 /* MapDelegate.swift */; };
		32A2C577288FE1B60000CCB6 /* MapResponse.swift in Sources */ = {isa = PBXBuildFile; fileRef = 32A2C576288FE1B60000CCB6 /* MapResponse.swift */; };
		32A2C579288FE1BF0000CCB6 /* MapDataManager.swift in Sources */ = {isa = PBXBuildFile; fileRef = 32A2C578288FE1BF0000CCB6 /* MapDataManager.swift */; };
		32A2C57D288FFC4C0000CCB6 /* DeliveryCompletedViewController.swift in Sources */ = {isa = PBXBuildFile; fileRef = 32A2C57C288FFC4C0000CCB6 /* DeliveryCompletedViewController.swift */; };
		32A2C57F288FFC5E0000CCB6 /* DeliveryCompletedTableViewCell.swift in Sources */ = {isa = PBXBuildFile; fileRef = 32A2C57E288FFC5E0000CCB6 /* DeliveryCompletedTableViewCell.swift */; };
		32A2C581288FFC730000CCB6 /* PieChartView.swift in Sources */ = {isa = PBXBuildFile; fileRef = 32A2C580288FFC730000CCB6 /* PieChartView.swift */; };
		32A2C584288FFCC40000CCB6 /* FindPathViewController.swift in Sources */ = {isa = PBXBuildFile; fileRef = 32A2C583288FFCC40000CCB6 /* FindPathViewController.swift */; };
		32A2C586288FFD010000CCB6 /* FindPathBottomViewController.swift in Sources */ = {isa = PBXBuildFile; fileRef = 32A2C585288FFD010000CCB6 /* FindPathBottomViewController.swift */; };
		32A2C588288FFD390000CCB6 /* FindPathBottomTableViewCell.swift in Sources */ = {isa = PBXBuildFile; fileRef = 32A2C587288FFD390000CCB6 /* FindPathBottomTableViewCell.swift */; };
<<<<<<< HEAD
		32AB22EA2891040F0074DAB9 /* PackageDetailViewController.swift in Sources */ = {isa = PBXBuildFile; fileRef = 32AB22E92891040F0074DAB9 /* PackageDetailViewController.swift */; };
		32B5606C2891400B004894C2 /* PackageBasicTableViewCell.swift in Sources */ = {isa = PBXBuildFile; fileRef = 32B5606B2891400B004894C2 /* PackageBasicTableViewCell.swift */; };
		32B5606E28914024004894C2 /* PackageDeliveryTableViewCell.swift in Sources */ = {isa = PBXBuildFile; fileRef = 32B5606D28914024004894C2 /* PackageDeliveryTableViewCell.swift */; };
=======
>>>>>>> 377993d (test)
		785A4D1D288FECF900709373 /* DeliveryDetailTableViewCell.swift in Sources */ = {isa = PBXBuildFile; fileRef = 785A4D1C288FECF900709373 /* DeliveryDetailTableViewCell.swift */; };
		FC497AD73DCC33F91F5BC6D1 /* Pods_CJ_All_in_One.framework in Frameworks */ = {isa = PBXBuildFile; fileRef = 87662E309CD1A8BDAD0463A1 /* Pods_CJ_All_in_One.framework */; };
/* End PBXBuildFile section */

/* Begin PBXFileReference section */
		1D546E70288D1DDD00160E82 /* CJ-All-in-One.app */ = {isa = PBXFileReference; explicitFileType = wrapper.application; includeInIndex = 0; path = "CJ-All-in-One.app"; sourceTree = BUILT_PRODUCTS_DIR; };
		1D546E73288D1DDD00160E82 /* AppDelegate.swift */ = {isa = PBXFileReference; lastKnownFileType = sourcecode.swift; path = AppDelegate.swift; sourceTree = "<group>"; };
		1D546E75288D1DDD00160E82 /* SceneDelegate.swift */ = {isa = PBXFileReference; lastKnownFileType = sourcecode.swift; path = SceneDelegate.swift; sourceTree = "<group>"; };
		1D546E77288D1DDD00160E82 /* MainViewController.swift */ = {isa = PBXFileReference; lastKnownFileType = sourcecode.swift; path = MainViewController.swift; sourceTree = "<group>"; };
		1D546E7C288D1DDF00160E82 /* Assets.xcassets */ = {isa = PBXFileReference; lastKnownFileType = folder.assetcatalog; path = Assets.xcassets; sourceTree = "<group>"; };
		1D546E7F288D1DDF00160E82 /* Base */ = {isa = PBXFileReference; lastKnownFileType = file.storyboard; name = Base; path = Base.lproj/LaunchScreen.storyboard; sourceTree = "<group>"; };
		32A2C55A288FDE710000CCB6 /* Constant.swift */ = {isa = PBXFileReference; lastKnownFileType = sourcecode.swift; path = Constant.swift; sourceTree = "<group>"; };
		32A2C55E288FDF8E0000CCB6 /* ViewDelegate.swift */ = {isa = PBXFileReference; lastKnownFileType = sourcecode.swift; path = ViewDelegate.swift; sourceTree = "<group>"; };
		32A2C560288FDFF70000CCB6 /* LabelClass.swift */ = {isa = PBXFileReference; lastKnownFileType = sourcecode.swift; path = LabelClass.swift; sourceTree = "<group>"; };
		32A2C562288FDFFE0000CCB6 /* ButtonClass.swift */ = {isa = PBXFileReference; lastKnownFileType = sourcecode.swift; path = ButtonClass.swift; sourceTree = "<group>"; };
		32A2C564288FE0080000CCB6 /* NavBarClass.swift */ = {isa = PBXFileReference; lastKnownFileType = sourcecode.swift; path = NavBarClass.swift; sourceTree = "<group>"; };
		32A2C566288FE0930000CCB6 /* UIViewController.swift */ = {isa = PBXFileReference; lastKnownFileType = sourcecode.swift; path = UIViewController.swift; sourceTree = "<group>"; };
		32A2C568288FE0990000CCB6 /* UIColor.swift */ = {isa = PBXFileReference; lastKnownFileType = sourcecode.swift; path = UIColor.swift; sourceTree = "<group>"; };
		32A2C56A288FE09E0000CCB6 /* UIView.swift */ = {isa = PBXFileReference; lastKnownFileType = sourcecode.swift; path = UIView.swift; sourceTree = "<group>"; };
		32A2C56C288FE0BD0000CCB6 /* CALayer.swift */ = {isa = PBXFileReference; lastKnownFileType = sourcecode.swift; path = CALayer.swift; sourceTree = "<group>"; };
		32A2C56E288FE0C80000CCB6 /* UIFont.swift */ = {isa = PBXFileReference; lastKnownFileType = sourcecode.swift; path = UIFont.swift; sourceTree = "<group>"; };
		32A2C570288FE15D0000CCB6 /* IndicatorView.swift */ = {isa = PBXFileReference; lastKnownFileType = sourcecode.swift; path = IndicatorView.swift; sourceTree = "<group>"; };
		32A2C572288FE16E0000CCB6 /* Device.swift */ = {isa = PBXFileReference; lastKnownFileType = sourcecode.swift; path = Device.swift; sourceTree = "<group>"; };
		32A2C574288FE1AA0000CCB6 /* MapDelegate.swift */ = {isa = PBXFileReference; lastKnownFileType = sourcecode.swift; path = MapDelegate.swift; sourceTree = "<group>"; };
		32A2C576288FE1B60000CCB6 /* MapResponse.swift */ = {isa = PBXFileReference; lastKnownFileType = sourcecode.swift; path = MapResponse.swift; sourceTree = "<group>"; };
		32A2C578288FE1BF0000CCB6 /* MapDataManager.swift */ = {isa = PBXFileReference; lastKnownFileType = sourcecode.swift; path = MapDataManager.swift; sourceTree = "<group>"; };
		32A2C57C288FFC4C0000CCB6 /* DeliveryCompletedViewController.swift */ = {isa = PBXFileReference; lastKnownFileType = sourcecode.swift; path = DeliveryCompletedViewController.swift; sourceTree = "<group>"; };
		32A2C57E288FFC5E0000CCB6 /* DeliveryCompletedTableViewCell.swift */ = {isa = PBXFileReference; lastKnownFileType = sourcecode.swift; path = DeliveryCompletedTableViewCell.swift; sourceTree = "<group>"; };
		32A2C580288FFC730000CCB6 /* PieChartView.swift */ = {isa = PBXFileReference; lastKnownFileType = sourcecode.swift; path = PieChartView.swift; sourceTree = "<group>"; };
		32A2C583288FFCC40000CCB6 /* FindPathViewController.swift */ = {isa = PBXFileReference; lastKnownFileType = sourcecode.swift; path = FindPathViewController.swift; sourceTree = "<group>"; };
		32A2C585288FFD010000CCB6 /* FindPathBottomViewController.swift */ = {isa = PBXFileReference; lastKnownFileType = sourcecode.swift; path = FindPathBottomViewController.swift; sourceTree = "<group>"; };
		32A2C587288FFD390000CCB6 /* FindPathBottomTableViewCell.swift */ = {isa = PBXFileReference; lastKnownFileType = sourcecode.swift; path = FindPathBottomTableViewCell.swift; sourceTree = "<group>"; };
<<<<<<< HEAD
		32A2C589289001100000CCB6 /* Info.plist */ = {isa = PBXFileReference; lastKnownFileType = text.plist.xml; name = Info.plist; path = "/Users/jeongjiyun/Desktop/CJ_all_in_one/CJ-All-in-One/CJ-All-in-One/CJ-All-in-One/Info.plist"; sourceTree = "<absolute>"; };
		32AB22E92891040F0074DAB9 /* PackageDetailViewController.swift */ = {isa = PBXFileReference; lastKnownFileType = sourcecode.swift; path = PackageDetailViewController.swift; sourceTree = "<group>"; };
		32B5606B2891400B004894C2 /* PackageBasicTableViewCell.swift */ = {isa = PBXFileReference; lastKnownFileType = sourcecode.swift; path = PackageBasicTableViewCell.swift; sourceTree = "<group>"; };
		32B5606D28914024004894C2 /* PackageDeliveryTableViewCell.swift */ = {isa = PBXFileReference; lastKnownFileType = sourcecode.swift; path = PackageDeliveryTableViewCell.swift; sourceTree = "<group>"; };
=======
>>>>>>> 377993d (test)
		752125581FE725568AF02A70 /* Pods-CJ-All-in-One.release.xcconfig */ = {isa = PBXFileReference; includeInIndex = 1; lastKnownFileType = text.xcconfig; name = "Pods-CJ-All-in-One.release.xcconfig"; path = "Target Support Files/Pods-CJ-All-in-One/Pods-CJ-All-in-One.release.xcconfig"; sourceTree = "<group>"; };
		785A4D1C288FECF900709373 /* DeliveryDetailTableViewCell.swift */ = {isa = PBXFileReference; lastKnownFileType = sourcecode.swift; path = DeliveryDetailTableViewCell.swift; sourceTree = "<group>"; };
		87662E309CD1A8BDAD0463A1 /* Pods_CJ_All_in_One.framework */ = {isa = PBXFileReference; explicitFileType = wrapper.framework; includeInIndex = 0; path = Pods_CJ_All_in_One.framework; sourceTree = BUILT_PRODUCTS_DIR; };
		9A3663B58E2E919FA9495BE9 /* Pods-CJ-All-in-One.debug.xcconfig */ = {isa = PBXFileReference; includeInIndex = 1; lastKnownFileType = text.xcconfig; name = "Pods-CJ-All-in-One.debug.xcconfig"; path = "Target Support Files/Pods-CJ-All-in-One/Pods-CJ-All-in-One.debug.xcconfig"; sourceTree = "<group>"; };
/* End PBXFileReference section */

/* Begin PBXFrameworksBuildPhase section */
		1D546E6D288D1DDD00160E82 /* Frameworks */ = {
			isa = PBXFrameworksBuildPhase;
			buildActionMask = 2147483647;
			files = (
				FC497AD73DCC33F91F5BC6D1 /* Pods_CJ_All_in_One.framework in Frameworks */,
			);
			runOnlyForDeploymentPostprocessing = 0;
		};
/* End PBXFrameworksBuildPhase section */

/* Begin PBXGroup section */
		1D546E67288D1DDD00160E82 = {
			isa = PBXGroup;
			children = (
				1D546E72288D1DDD00160E82 /* CJ-All-in-One */,
				1D546E71288D1DDD00160E82 /* Products */,
				2BA054BBDDDC068C9EEE3FCC /* Pods */,
				7088BD170D1F625BC806BDFC /* Frameworks */,
			);
			sourceTree = "<group>";
		};
		1D546E71288D1DDD00160E82 /* Products */ = {
			isa = PBXGroup;
			children = (
				1D546E70288D1DDD00160E82 /* CJ-All-in-One.app */,
			);
			name = Products;
			sourceTree = "<group>";
		};
		1D546E72288D1DDD00160E82 /* CJ-All-in-One */ = {
			isa = PBXGroup;
			children = (
				32A2C55C288FDE790000CCB6 /* Resource */,
				32A2C55A288FDE710000CCB6 /* Constant.swift */,
				32A2C559288FDE5E0000CCB6 /* CommonClass */,
				32A2C558288FDE530000CCB6 /* Extension */,
				32A2C557288FDE0B0000CCB6 /* CustomClass */,
				32A2C556288FDDCA0000CCB6 /* API */,
				32A2C55D288FDE970000CCB6 /* Protocol  */,
				1D88E44F288DD36F009DCB4F /* Views */,
				1D546E73288D1DDD00160E82 /* AppDelegate.swift */,
				1D546E75288D1DDD00160E82 /* SceneDelegate.swift */,
				32A2C589289001100000CCB6 /* Info.plist */,
			);
			path = "CJ-All-in-One";
			sourceTree = "<group>";
		};
		1D88E44F288DD36F009DCB4F /* Views */ = {
			isa = PBXGroup;
			children = (
<<<<<<< HEAD
				32AB22E8289103F90074DAB9 /* PackageDetail */,
=======
>>>>>>> 377993d (test)
				32A2C582288FFC840000CCB6 /* FindPath */,
				32A2C57B288FFC250000CCB6 /* DeliveryCompleted */,
				1D546E77288D1DDD00160E82 /* MainViewController.swift */,
				785A4D1C288FECF900709373 /* DeliveryDetailTableViewCell.swift */,
			);
			path = Views;
			sourceTree = "<group>";
		};
		2BA054BBDDDC068C9EEE3FCC /* Pods */ = {
			isa = PBXGroup;
			children = (
				9A3663B58E2E919FA9495BE9 /* Pods-CJ-All-in-One.debug.xcconfig */,
				752125581FE725568AF02A70 /* Pods-CJ-All-in-One.release.xcconfig */,
			);
			path = Pods;
			sourceTree = "<group>";
		};
		32A2C556288FDDCA0000CCB6 /* API */ = {
			isa = PBXGroup;
			children = (
				32A2C576288FE1B60000CCB6 /* MapResponse.swift */,
				32A2C578288FE1BF0000CCB6 /* MapDataManager.swift */,
			);
			path = API;
			sourceTree = "<group>";
		};
		32A2C557288FDE0B0000CCB6 /* CustomClass */ = {
			isa = PBXGroup;
			children = (
				32A2C560288FDFF70000CCB6 /* LabelClass.swift */,
				32A2C562288FDFFE0000CCB6 /* ButtonClass.swift */,
				32A2C564288FE0080000CCB6 /* NavBarClass.swift */,
			);
			path = CustomClass;
			sourceTree = "<group>";
		};
		32A2C558288FDE530000CCB6 /* Extension */ = {
			isa = PBXGroup;
			children = (
				32A2C566288FE0930000CCB6 /* UIViewController.swift */,
				32A2C568288FE0990000CCB6 /* UIColor.swift */,
				32A2C56A288FE09E0000CCB6 /* UIView.swift */,
				32A2C56C288FE0BD0000CCB6 /* CALayer.swift */,
				32A2C56E288FE0C80000CCB6 /* UIFont.swift */,
			);
			path = Extension;
			sourceTree = "<group>";
		};
		32A2C559288FDE5E0000CCB6 /* CommonClass */ = {
			isa = PBXGroup;
			children = (
				32A2C570288FE15D0000CCB6 /* IndicatorView.swift */,
				32A2C572288FE16E0000CCB6 /* Device.swift */,
			);
			path = CommonClass;
			sourceTree = "<group>";
		};
		32A2C55C288FDE790000CCB6 /* Resource */ = {
			isa = PBXGroup;
			children = (
				1D546E7C288D1DDF00160E82 /* Assets.xcassets */,
				1D546E7E288D1DDF00160E82 /* LaunchScreen.storyboard */,
			);
			path = Resource;
			sourceTree = "<group>";
		};
		32A2C55D288FDE970000CCB6 /* Protocol  */ = {
			isa = PBXGroup;
			children = (
				32A2C55E288FDF8E0000CCB6 /* ViewDelegate.swift */,
				32A2C574288FE1AA0000CCB6 /* MapDelegate.swift */,
			);
			path = "Protocol ";
			sourceTree = "<group>";
		};
		32A2C57B288FFC250000CCB6 /* DeliveryCompleted */ = {
			isa = PBXGroup;
			children = (
				32A2C57C288FFC4C0000CCB6 /* DeliveryCompletedViewController.swift */,
				32A2C57E288FFC5E0000CCB6 /* DeliveryCompletedTableViewCell.swift */,
				32A2C580288FFC730000CCB6 /* PieChartView.swift */,
			);
			path = DeliveryCompleted;
			sourceTree = "<group>";
		};
		32A2C582288FFC840000CCB6 /* FindPath */ = {
			isa = PBXGroup;
			children = (
				32A2C583288FFCC40000CCB6 /* FindPathViewController.swift */,
				32A2C585288FFD010000CCB6 /* FindPathBottomViewController.swift */,
				32A2C587288FFD390000CCB6 /* FindPathBottomTableViewCell.swift */,
			);
			path = FindPath;
			sourceTree = "<group>";
		};
<<<<<<< HEAD
		32AB22E8289103F90074DAB9 /* PackageDetail */ = {
			isa = PBXGroup;
			children = (
				32AB22E92891040F0074DAB9 /* PackageDetailViewController.swift */,
				32B5606B2891400B004894C2 /* PackageBasicTableViewCell.swift */,
				32B5606D28914024004894C2 /* PackageDeliveryTableViewCell.swift */,
			);
			path = PackageDetail;
			sourceTree = "<group>";
		};
=======
>>>>>>> 377993d (test)
		7088BD170D1F625BC806BDFC /* Frameworks */ = {
			isa = PBXGroup;
			children = (
				87662E309CD1A8BDAD0463A1 /* Pods_CJ_All_in_One.framework */,
			);
			name = Frameworks;
			sourceTree = "<group>";
		};
/* End PBXGroup section */

/* Begin PBXNativeTarget section */
		1D546E6F288D1DDD00160E82 /* CJ-All-in-One */ = {
			isa = PBXNativeTarget;
			buildConfigurationList = 1D546E84288D1DDF00160E82 /* Build configuration list for PBXNativeTarget "CJ-All-in-One" */;
			buildPhases = (
				B1FAD24EAF9597DDBB78D4A4 /* [CP] Check Pods Manifest.lock */,
				1D546E6C288D1DDD00160E82 /* Sources */,
				1D546E6D288D1DDD00160E82 /* Frameworks */,
				1D546E6E288D1DDD00160E82 /* Resources */,
				F3D2E5907490DAEB3D29EA86 /* [CP] Embed Pods Frameworks */,
			);
			buildRules = (
			);
			dependencies = (
			);
			name = "CJ-All-in-One";
			productName = "CJ-All-in-One";
			productReference = 1D546E70288D1DDD00160E82 /* CJ-All-in-One.app */;
			productType = "com.apple.product-type.application";
		};
/* End PBXNativeTarget section */

/* Begin PBXProject section */
		1D546E68288D1DDD00160E82 /* Project object */ = {
			isa = PBXProject;
			attributes = {
				BuildIndependentTargetsInParallel = 1;
				LastSwiftUpdateCheck = 1340;
				LastUpgradeCheck = 1340;
				TargetAttributes = {
					1D546E6F288D1DDD00160E82 = {
						CreatedOnToolsVersion = 13.4.1;
					};
				};
			};
			buildConfigurationList = 1D546E6B288D1DDD00160E82 /* Build configuration list for PBXProject "CJ-All-in-One" */;
			compatibilityVersion = "Xcode 13.0";
			developmentRegion = en;
			hasScannedForEncodings = 0;
			knownRegions = (
				en,
				Base,
			);
			mainGroup = 1D546E67288D1DDD00160E82;
			productRefGroup = 1D546E71288D1DDD00160E82 /* Products */;
			projectDirPath = "";
			projectRoot = "";
			targets = (
				1D546E6F288D1DDD00160E82 /* CJ-All-in-One */,
			);
		};
/* End PBXProject section */

/* Begin PBXResourcesBuildPhase section */
		1D546E6E288D1DDD00160E82 /* Resources */ = {
			isa = PBXResourcesBuildPhase;
			buildActionMask = 2147483647;
			files = (
				1D546E80288D1DDF00160E82 /* LaunchScreen.storyboard in Resources */,
				1D546E7D288D1DDF00160E82 /* Assets.xcassets in Resources */,
			);
			runOnlyForDeploymentPostprocessing = 0;
		};
/* End PBXResourcesBuildPhase section */

/* Begin PBXShellScriptBuildPhase section */
		B1FAD24EAF9597DDBB78D4A4 /* [CP] Check Pods Manifest.lock */ = {
			isa = PBXShellScriptBuildPhase;
			buildActionMask = 2147483647;
			files = (
			);
			inputFileListPaths = (
			);
			inputPaths = (
				"${PODS_PODFILE_DIR_PATH}/Podfile.lock",
				"${PODS_ROOT}/Manifest.lock",
			);
			name = "[CP] Check Pods Manifest.lock";
			outputFileListPaths = (
			);
			outputPaths = (
				"$(DERIVED_FILE_DIR)/Pods-CJ-All-in-One-checkManifestLockResult.txt",
			);
			runOnlyForDeploymentPostprocessing = 0;
			shellPath = /bin/sh;
			shellScript = "diff \"${PODS_PODFILE_DIR_PATH}/Podfile.lock\" \"${PODS_ROOT}/Manifest.lock\" > /dev/null\nif [ $? != 0 ] ; then\n    # print error to STDERR\n    echo \"error: The sandbox is not in sync with the Podfile.lock. Run 'pod install' or update your CocoaPods installation.\" >&2\n    exit 1\nfi\n# This output is used by Xcode 'outputs' to avoid re-running this script phase.\necho \"SUCCESS\" > \"${SCRIPT_OUTPUT_FILE_0}\"\n";
			showEnvVarsInLog = 0;
		};
		F3D2E5907490DAEB3D29EA86 /* [CP] Embed Pods Frameworks */ = {
			isa = PBXShellScriptBuildPhase;
			buildActionMask = 2147483647;
			files = (
			);
			inputFileListPaths = (
				"${PODS_ROOT}/Target Support Files/Pods-CJ-All-in-One/Pods-CJ-All-in-One-frameworks-${CONFIGURATION}-input-files.xcfilelist",
			);
			name = "[CP] Embed Pods Frameworks";
			outputFileListPaths = (
				"${PODS_ROOT}/Target Support Files/Pods-CJ-All-in-One/Pods-CJ-All-in-One-frameworks-${CONFIGURATION}-output-files.xcfilelist",
			);
			runOnlyForDeploymentPostprocessing = 0;
			shellPath = /bin/sh;
			shellScript = "\"${PODS_ROOT}/Target Support Files/Pods-CJ-All-in-One/Pods-CJ-All-in-One-frameworks.sh\"\n";
			showEnvVarsInLog = 0;
		};
/* End PBXShellScriptBuildPhase section */

/* Begin PBXSourcesBuildPhase section */
		1D546E6C288D1DDD00160E82 /* Sources */ = {
			isa = PBXSourcesBuildPhase;
			buildActionMask = 2147483647;
			files = (
				32AB22EA2891040F0074DAB9 /* PackageDetailViewController.swift in Sources */,
				32A2C56F288FE0C80000CCB6 /* UIFont.swift in Sources */,
				1D546E78288D1DDD00160E82 /* MainViewController.swift in Sources */,
				32A2C561288FDFF70000CCB6 /* LabelClass.swift in Sources */,
<<<<<<< HEAD
				32A2C586288FFD010000CCB6 /* FindPathBottomViewController.swift in Sources */,
				32A2C571288FE15D0000CCB6 /* IndicatorView.swift in Sources */,
				32A2C581288FFC730000CCB6 /* PieChartView.swift in Sources */,
				32A2C55B288FDE710000CCB6 /* Constant.swift in Sources */,
				32A2C588288FFD390000CCB6 /* FindPathBottomTableViewCell.swift in Sources */,
				32A2C575288FE1AA0000CCB6 /* MapDelegate.swift in Sources */,
=======
<<<<<<< HEAD
				78ABB2B4289162C30072C41E /* ApplyProtocol.swift in Sources */,
				32A2C571288FE15D0000CCB6 /* IndicatorView.swift in Sources */,
				78ABB2A42891462E0072C41E /* BarcodeViewController.swift in Sources */,
=======
				32A2C586288FFD010000CCB6 /* FindPathBottomViewController.swift in Sources */,
				32A2C571288FE15D0000CCB6 /* IndicatorView.swift in Sources */,
				32A2C581288FFC730000CCB6 /* PieChartView.swift in Sources */,
>>>>>>> 24fe52a (Merged file)
				32A2C55B288FDE710000CCB6 /* Constant.swift in Sources */,
				32A2C588288FFD390000CCB6 /* FindPathBottomTableViewCell.swift in Sources */,
				32A2C575288FE1AA0000CCB6 /* MapProtocol.swift in Sources */,
				78ABB2A6289147500072C41E /* ReaderView.swift in Sources */,
>>>>>>> 377993d (test)
				32A2C56B288FE09E0000CCB6 /* UIView.swift in Sources */,
				32A2C573288FE16E0000CCB6 /* Device.swift in Sources */,
				32B5606C2891400B004894C2 /* PackageBasicTableViewCell.swift in Sources */,
				32A2C567288FE0930000CCB6 /* UIViewController.swift in Sources */,
				1D546E74288D1DDD00160E82 /* AppDelegate.swift in Sources */,
				1D546E76288D1DDD00160E82 /* SceneDelegate.swift in Sources */,
				32A2C569288FE0990000CCB6 /* UIColor.swift in Sources */,
				32A2C56D288FE0BD0000CCB6 /* CALayer.swift in Sources */,
				785A4D1D288FECF900709373 /* DeliveryDetailTableViewCell.swift in Sources */,
				32A2C565288FE0080000CCB6 /* NavBarClass.swift in Sources */,
				32A2C577288FE1B60000CCB6 /* MapResponse.swift in Sources */,
				32A2C57D288FFC4C0000CCB6 /* DeliveryCompletedViewController.swift in Sources */,
				32A2C579288FE1BF0000CCB6 /* MapDataManager.swift in Sources */,
<<<<<<< HEAD
				32A2C57F288FFC5E0000CCB6 /* DeliveryCompletedTableViewCell.swift in Sources */,
				32B5606E28914024004894C2 /* PackageDeliveryTableViewCell.swift in Sources */,
				32A2C584288FFCC40000CCB6 /* FindPathViewController.swift in Sources */,
=======
<<<<<<< HEAD
				78D942B52890169300C8B224 /* ApplyViewController.swift in Sources */,
				78B4940528928A9B0073CB0B /* ApplyView.swift in Sources */,
				78D942B7289016CA00C8B224 /* ToListTableViewCell.swift in Sources */,
				78D942BD2890497800C8B224 /* ResultItemsTableViewCell.swift in Sources */,
=======
				32A2C57F288FFC5E0000CCB6 /* DeliveryCompletedTableViewCell.swift in Sources */,
				32A2C584288FFCC40000CCB6 /* FindPathViewController.swift in Sources */,
>>>>>>> 24fe52a (Merged file)
>>>>>>> 377993d (test)
				32A2C563288FDFFE0000CCB6 /* ButtonClass.swift in Sources */,
				32A2C55F288FDF8E0000CCB6 /* ViewDelegate.swift in Sources */,
			);
			runOnlyForDeploymentPostprocessing = 0;
		};
/* End PBXSourcesBuildPhase section */

/* Begin PBXVariantGroup section */
		1D546E7E288D1DDF00160E82 /* LaunchScreen.storyboard */ = {
			isa = PBXVariantGroup;
			children = (
				1D546E7F288D1DDF00160E82 /* Base */,
			);
			name = LaunchScreen.storyboard;
			sourceTree = "<group>";
		};
/* End PBXVariantGroup section */

/* Begin XCBuildConfiguration section */
		1D546E82288D1DDF00160E82 /* Debug */ = {
			isa = XCBuildConfiguration;
			buildSettings = {
				ALWAYS_SEARCH_USER_PATHS = NO;
				CLANG_ANALYZER_NONNULL = YES;
				CLANG_ANALYZER_NUMBER_OBJECT_CONVERSION = YES_AGGRESSIVE;
				CLANG_CXX_LANGUAGE_STANDARD = "gnu++17";
				CLANG_ENABLE_MODULES = YES;
				CLANG_ENABLE_OBJC_ARC = YES;
				CLANG_ENABLE_OBJC_WEAK = YES;
				CLANG_WARN_BLOCK_CAPTURE_AUTORELEASING = YES;
				CLANG_WARN_BOOL_CONVERSION = YES;
				CLANG_WARN_COMMA = YES;
				CLANG_WARN_CONSTANT_CONVERSION = YES;
				CLANG_WARN_DEPRECATED_OBJC_IMPLEMENTATIONS = YES;
				CLANG_WARN_DIRECT_OBJC_ISA_USAGE = YES_ERROR;
				CLANG_WARN_DOCUMENTATION_COMMENTS = YES;
				CLANG_WARN_EMPTY_BODY = YES;
				CLANG_WARN_ENUM_CONVERSION = YES;
				CLANG_WARN_INFINITE_RECURSION = YES;
				CLANG_WARN_INT_CONVERSION = YES;
				CLANG_WARN_NON_LITERAL_NULL_CONVERSION = YES;
				CLANG_WARN_OBJC_IMPLICIT_RETAIN_SELF = YES;
				CLANG_WARN_OBJC_LITERAL_CONVERSION = YES;
				CLANG_WARN_OBJC_ROOT_CLASS = YES_ERROR;
				CLANG_WARN_QUOTED_INCLUDE_IN_FRAMEWORK_HEADER = YES;
				CLANG_WARN_RANGE_LOOP_ANALYSIS = YES;
				CLANG_WARN_STRICT_PROTOTYPES = YES;
				CLANG_WARN_SUSPICIOUS_MOVE = YES;
				CLANG_WARN_UNGUARDED_AVAILABILITY = YES_AGGRESSIVE;
				CLANG_WARN_UNREACHABLE_CODE = YES;
				CLANG_WARN__DUPLICATE_METHOD_MATCH = YES;
				COPY_PHASE_STRIP = NO;
				DEBUG_INFORMATION_FORMAT = dwarf;
				ENABLE_STRICT_OBJC_MSGSEND = YES;
				ENABLE_TESTABILITY = YES;
				GCC_C_LANGUAGE_STANDARD = gnu11;
				GCC_DYNAMIC_NO_PIC = NO;
				GCC_NO_COMMON_BLOCKS = YES;
				GCC_OPTIMIZATION_LEVEL = 0;
				GCC_PREPROCESSOR_DEFINITIONS = (
					"DEBUG=1",
					"$(inherited)",
				);
				GCC_WARN_64_TO_32_BIT_CONVERSION = YES;
				GCC_WARN_ABOUT_RETURN_TYPE = YES_ERROR;
				GCC_WARN_UNDECLARED_SELECTOR = YES;
				GCC_WARN_UNINITIALIZED_AUTOS = YES_AGGRESSIVE;
				GCC_WARN_UNUSED_FUNCTION = YES;
				GCC_WARN_UNUSED_VARIABLE = YES;
				IPHONEOS_DEPLOYMENT_TARGET = 15.5;
				MTL_ENABLE_DEBUG_INFO = INCLUDE_SOURCE;
				MTL_FAST_MATH = YES;
				ONLY_ACTIVE_ARCH = YES;
				SDKROOT = iphoneos;
				SWIFT_ACTIVE_COMPILATION_CONDITIONS = DEBUG;
				SWIFT_OPTIMIZATION_LEVEL = "-Onone";
			};
			name = Debug;
		};
		1D546E83288D1DDF00160E82 /* Release */ = {
			isa = XCBuildConfiguration;
			buildSettings = {
				ALWAYS_SEARCH_USER_PATHS = NO;
				CLANG_ANALYZER_NONNULL = YES;
				CLANG_ANALYZER_NUMBER_OBJECT_CONVERSION = YES_AGGRESSIVE;
				CLANG_CXX_LANGUAGE_STANDARD = "gnu++17";
				CLANG_ENABLE_MODULES = YES;
				CLANG_ENABLE_OBJC_ARC = YES;
				CLANG_ENABLE_OBJC_WEAK = YES;
				CLANG_WARN_BLOCK_CAPTURE_AUTORELEASING = YES;
				CLANG_WARN_BOOL_CONVERSION = YES;
				CLANG_WARN_COMMA = YES;
				CLANG_WARN_CONSTANT_CONVERSION = YES;
				CLANG_WARN_DEPRECATED_OBJC_IMPLEMENTATIONS = YES;
				CLANG_WARN_DIRECT_OBJC_ISA_USAGE = YES_ERROR;
				CLANG_WARN_DOCUMENTATION_COMMENTS = YES;
				CLANG_WARN_EMPTY_BODY = YES;
				CLANG_WARN_ENUM_CONVERSION = YES;
				CLANG_WARN_INFINITE_RECURSION = YES;
				CLANG_WARN_INT_CONVERSION = YES;
				CLANG_WARN_NON_LITERAL_NULL_CONVERSION = YES;
				CLANG_WARN_OBJC_IMPLICIT_RETAIN_SELF = YES;
				CLANG_WARN_OBJC_LITERAL_CONVERSION = YES;
				CLANG_WARN_OBJC_ROOT_CLASS = YES_ERROR;
				CLANG_WARN_QUOTED_INCLUDE_IN_FRAMEWORK_HEADER = YES;
				CLANG_WARN_RANGE_LOOP_ANALYSIS = YES;
				CLANG_WARN_STRICT_PROTOTYPES = YES;
				CLANG_WARN_SUSPICIOUS_MOVE = YES;
				CLANG_WARN_UNGUARDED_AVAILABILITY = YES_AGGRESSIVE;
				CLANG_WARN_UNREACHABLE_CODE = YES;
				CLANG_WARN__DUPLICATE_METHOD_MATCH = YES;
				COPY_PHASE_STRIP = NO;
				DEBUG_INFORMATION_FORMAT = "dwarf-with-dsym";
				ENABLE_NS_ASSERTIONS = NO;
				ENABLE_STRICT_OBJC_MSGSEND = YES;
				GCC_C_LANGUAGE_STANDARD = gnu11;
				GCC_NO_COMMON_BLOCKS = YES;
				GCC_WARN_64_TO_32_BIT_CONVERSION = YES;
				GCC_WARN_ABOUT_RETURN_TYPE = YES_ERROR;
				GCC_WARN_UNDECLARED_SELECTOR = YES;
				GCC_WARN_UNINITIALIZED_AUTOS = YES_AGGRESSIVE;
				GCC_WARN_UNUSED_FUNCTION = YES;
				GCC_WARN_UNUSED_VARIABLE = YES;
				IPHONEOS_DEPLOYMENT_TARGET = 15.5;
				MTL_ENABLE_DEBUG_INFO = NO;
				MTL_FAST_MATH = YES;
				SDKROOT = iphoneos;
				SWIFT_COMPILATION_MODE = wholemodule;
				SWIFT_OPTIMIZATION_LEVEL = "-O";
				VALIDATE_PRODUCT = YES;
			};
			name = Release;
		};
		1D546E85288D1DDF00160E82 /* Debug */ = {
			isa = XCBuildConfiguration;
			baseConfigurationReference = 9A3663B58E2E919FA9495BE9 /* Pods-CJ-All-in-One.debug.xcconfig */;
			buildSettings = {
				ASSETCATALOG_COMPILER_APPICON_NAME = AppIcon;
				ASSETCATALOG_COMPILER_GLOBAL_ACCENT_COLOR_NAME = AccentColor;
				CODE_SIGN_IDENTITY = "Apple Development";
				CODE_SIGN_STYLE = Automatic;
				CURRENT_PROJECT_VERSION = 1;
				DEVELOPMENT_TEAM = DJ9XQ898HT;
				GENERATE_INFOPLIST_FILE = YES;
				INFOPLIST_FILE = "CJ-All-in-One/Info.plist";
				INFOPLIST_KEY_UIApplicationSupportsIndirectInputEvents = YES;
				INFOPLIST_KEY_UILaunchStoryboardName = LaunchScreen;
				INFOPLIST_KEY_UISupportedInterfaceOrientations_iPad = "UIInterfaceOrientationPortrait UIInterfaceOrientationPortraitUpsideDown UIInterfaceOrientationLandscapeLeft UIInterfaceOrientationLandscapeRight";
				INFOPLIST_KEY_UISupportedInterfaceOrientations_iPhone = "UIInterfaceOrientationPortrait UIInterfaceOrientationLandscapeLeft UIInterfaceOrientationLandscapeRight";
				IPHONEOS_DEPLOYMENT_TARGET = 15.2;
				LD_RUNPATH_SEARCH_PATHS = (
					"$(inherited)",
					"@executable_path/Frameworks",
				);
				MARKETING_VERSION = 1.0;
				PRODUCT_BUNDLE_IDENTIFIER = "wonjune.CJ-All-in-One";
				PRODUCT_NAME = "$(TARGET_NAME)";
				PROVISIONING_PROFILE_SPECIFIER = "";
				SWIFT_EMIT_LOC_STRINGS = YES;
				SWIFT_VERSION = 5.0;
				TARGETED_DEVICE_FAMILY = "1,2";
			};
			name = Debug;
		};
		1D546E86288D1DDF00160E82 /* Release */ = {
			isa = XCBuildConfiguration;
			baseConfigurationReference = 752125581FE725568AF02A70 /* Pods-CJ-All-in-One.release.xcconfig */;
			buildSettings = {
				ASSETCATALOG_COMPILER_APPICON_NAME = AppIcon;
				ASSETCATALOG_COMPILER_GLOBAL_ACCENT_COLOR_NAME = AccentColor;
				CODE_SIGN_IDENTITY = "Apple Development";
				CODE_SIGN_STYLE = Automatic;
				CURRENT_PROJECT_VERSION = 1;
				DEVELOPMENT_TEAM = DJ9XQ898HT;
				GENERATE_INFOPLIST_FILE = YES;
				INFOPLIST_FILE = "CJ-All-in-One/Info.plist";
				INFOPLIST_KEY_UIApplicationSupportsIndirectInputEvents = YES;
				INFOPLIST_KEY_UILaunchStoryboardName = LaunchScreen;
				INFOPLIST_KEY_UISupportedInterfaceOrientations_iPad = "UIInterfaceOrientationPortrait UIInterfaceOrientationPortraitUpsideDown UIInterfaceOrientationLandscapeLeft UIInterfaceOrientationLandscapeRight";
				INFOPLIST_KEY_UISupportedInterfaceOrientations_iPhone = "UIInterfaceOrientationPortrait UIInterfaceOrientationLandscapeLeft UIInterfaceOrientationLandscapeRight";
				IPHONEOS_DEPLOYMENT_TARGET = 15.2;
				LD_RUNPATH_SEARCH_PATHS = (
					"$(inherited)",
					"@executable_path/Frameworks",
				);
				MARKETING_VERSION = 1.0;
				PRODUCT_BUNDLE_IDENTIFIER = "wonjune.CJ-All-in-One";
				PRODUCT_NAME = "$(TARGET_NAME)";
				PROVISIONING_PROFILE_SPECIFIER = "";
				SWIFT_EMIT_LOC_STRINGS = YES;
				SWIFT_VERSION = 5.0;
				TARGETED_DEVICE_FAMILY = "1,2";
			};
			name = Release;
		};
/* End XCBuildConfiguration section */

/* Begin XCConfigurationList section */
		1D546E6B288D1DDD00160E82 /* Build configuration list for PBXProject "CJ-All-in-One" */ = {
			isa = XCConfigurationList;
			buildConfigurations = (
				1D546E82288D1DDF00160E82 /* Debug */,
				1D546E83288D1DDF00160E82 /* Release */,
			);
			defaultConfigurationIsVisible = 0;
			defaultConfigurationName = Release;
		};
		1D546E84288D1DDF00160E82 /* Build configuration list for PBXNativeTarget "CJ-All-in-One" */ = {
			isa = XCConfigurationList;
			buildConfigurations = (
				1D546E85288D1DDF00160E82 /* Debug */,
				1D546E86288D1DDF00160E82 /* Release */,
			);
			defaultConfigurationIsVisible = 0;
			defaultConfigurationName = Release;
		};
/* End XCConfigurationList section */
	};
	rootObject = 1D546E68288D1DDD00160E82 /* Project object */;
}
