PODS:
  - Alamofire (5.6.2)
  - NMapsMap (3.15.0)
  - PanModal (1.2.7)
  - SnapKit (5.6.0)
  - Then (3.0.0)

DEPENDENCIES:
  - Alamofire
  - NMapsMap
  - PanModal
  - SnapKit
  - Then

SPEC REPOS:
  trunk:
    - Alamofire
    - NMapsMap
    - PanModal
    - SnapKit
    - Then

SPEC CHECKSUMS:
  Alamofire: d368e1ff8a298e6dde360e35a3e68e6c610e7204
  NMapsMap: f151761c088d6516064c59da03ab6503769486e6
  PanModal: 3e16ead1a907fb06f4df3f13492fd00149fa4974
  SnapKit: e01d52ebb8ddbc333eefe2132acf85c8227d9c25
  Then: 844265ae87834bbe1147d91d5d41a404da2ec27d

PODFILE CHECKSUM: 8012bae51fde69e78df51844055bc54e3df7ecf1

COCOAPODS: 1.11.2
